// !$*UTF8*$!
{
	archiveVersion = 1;
	classes = {
	};
	objectVersion = 50;
	objects = {

/* Begin PBXBuildFile section */
		95C1A9CF215D242100654225 /* AppDelegate.swift in Sources */ = {isa = PBXBuildFile; fileRef = 95C1A9CE215D242100654225 /* AppDelegate.swift */; };
		95C1A9D1215D242100654225 /* ViewController.swift in Sources */ = {isa = PBXBuildFile; fileRef = 95C1A9D0215D242100654225 /* ViewController.swift */; };
		95C1A9D4215D242100654225 /* Main.storyboard in Resources */ = {isa = PBXBuildFile; fileRef = 95C1A9D2215D242100654225 /* Main.storyboard */; };
		95C1A9D6215D242400654225 /* Assets.xcassets in Resources */ = {isa = PBXBuildFile; fileRef = 95C1A9D5215D242400654225 /* Assets.xcassets */; };
		95C1A9D9215D242400654225 /* LaunchScreen.storyboard in Resources */ = {isa = PBXBuildFile; fileRef = 95C1A9D7215D242400654225 /* LaunchScreen.storyboard */; };
		95C1A9E1215D251E00654225 /* GoogleService-Info1.plist in Resources */ = {isa = PBXBuildFile; fileRef = 95C1A9E0215D251D00654225 /* GoogleService-Info1.plist */; };
		95C1AA0B215D333600654225 /* AppDelegate.swift in Resources */ = {isa = PBXBuildFile; fileRef = 95C1A9CE215D242100654225 /* AppDelegate.swift */; };
		95C1AA70215D40C900654225 /* GoogleAppMeasurement.framework in Frameworks */ = {isa = PBXBuildFile; fileRef = 95C1AA63215D40C800654225 /* GoogleAppMeasurement.framework */; };
		95C1AA71215D40C900654225 /* FirebaseMessaging.framework in Frameworks */ = {isa = PBXBuildFile; fileRef = 95C1AA64215D40C800654225 /* FirebaseMessaging.framework */; };
		95C1AA72215D40C900654225 /* leveldb-library.framework in Frameworks */ = {isa = PBXBuildFile; fileRef = 95C1AA65215D40C800654225 /* leveldb-library.framework */; };
		95C1AA73215D40C900654225 /* Protobuf.framework in Frameworks */ = {isa = PBXBuildFile; fileRef = 95C1AA66215D40C800654225 /* Protobuf.framework */; };
		95C1AA74215D40C900654225 /* FirebaseAuth.framework in Frameworks */ = {isa = PBXBuildFile; fileRef = 95C1AA67215D40C800654225 /* FirebaseAuth.framework */; };
		95C1AA75215D40C900654225 /* GoogleUtilities.framework in Frameworks */ = {isa = PBXBuildFile; fileRef = 95C1AA68215D40C800654225 /* GoogleUtilities.framework */; };
		95C1AA76215D40C900654225 /* nanopb.framework in Frameworks */ = {isa = PBXBuildFile; fileRef = 95C1AA69215D40C800654225 /* nanopb.framework */; };
		95C1AA77215D40C900654225 /* FirebaseDatabase.framework in Frameworks */ = {isa = PBXBuildFile; fileRef = 95C1AA6A215D40C800654225 /* FirebaseDatabase.framework */; };
		95C1AA78215D40C900654225 /* FirebaseInstanceID.framework in Frameworks */ = {isa = PBXBuildFile; fileRef = 95C1AA6B215D40C800654225 /* FirebaseInstanceID.framework */; };
		95C1AA79215D40C900654225 /* FirebaseAnalytics.framework in Frameworks */ = {isa = PBXBuildFile; fileRef = 95C1AA6C215D40C800654225 /* FirebaseAnalytics.framework */; };
		95C1AA7A215D40C900654225 /* FirebaseCoreDiagnostics.framework in Frameworks */ = {isa = PBXBuildFile; fileRef = 95C1AA6D215D40C900654225 /* FirebaseCoreDiagnostics.framework */; };
		95C1AA7B215D40C900654225 /* FirebaseCore.framework in Frameworks */ = {isa = PBXBuildFile; fileRef = 95C1AA6E215D40C900654225 /* FirebaseCore.framework */; };
		95C1AA7C215D40C900654225 /* GTMSessionFetcher.framework in Frameworks */ = {isa = PBXBuildFile; fileRef = 95C1AA6F215D40C900654225 /* GTMSessionFetcher.framework */; };
		95C1AA7E215D415400654225 /* Firebase.framework in Frameworks */ = {isa = PBXBuildFile; fileRef = 95C1AA7D215D415400654225 /* Firebase.framework */; };
		95C1AA80215D419900654225 /* GoogleService-Info.plist in Resources */ = {isa = PBXBuildFile; fileRef = 95C1AA7F215D419900654225 /* GoogleService-Info.plist */; };
/* End PBXBuildFile section */

/* Begin PBXFileReference section */
		95C1A9CB215D242100654225 /* TestFireBaseCarthage.app */ = {isa = PBXFileReference; explicitFileType = wrapper.application; includeInIndex = 0; path = TestFireBaseCarthage.app; sourceTree = BUILT_PRODUCTS_DIR; };
		95C1A9CE215D242100654225 /* AppDelegate.swift */ = {isa = PBXFileReference; lastKnownFileType = sourcecode.swift; path = AppDelegate.swift; sourceTree = "<group>"; };
		95C1A9D0215D242100654225 /* ViewController.swift */ = {isa = PBXFileReference; lastKnownFileType = sourcecode.swift; path = ViewController.swift; sourceTree = "<group>"; };
		95C1A9D3215D242100654225 /* Base */ = {isa = PBXFileReference; lastKnownFileType = file.storyboard; name = Base; path = Base.lproj/Main.storyboard; sourceTree = "<group>"; };
		95C1A9D5215D242400654225 /* Assets.xcassets */ = {isa = PBXFileReference; lastKnownFileType = folder.assetcatalog; path = Assets.xcassets; sourceTree = "<group>"; };
		95C1A9D8215D242400654225 /* Base */ = {isa = PBXFileReference; lastKnownFileType = file.storyboard; name = Base; path = Base.lproj/LaunchScreen.storyboard; sourceTree = "<group>"; };
		95C1A9DA215D242400654225 /* Info.plist */ = {isa = PBXFileReference; lastKnownFileType = text.plist.xml; path = Info.plist; sourceTree = "<group>"; };
		95C1A9E0215D251D00654225 /* GoogleService-Info1.plist */ = {isa = PBXFileReference; fileEncoding = 4; lastKnownFileType = text.plist.xml; name = "GoogleService-Info1.plist"; path = "../../../../../Downloads/GoogleService-Info1.plist"; sourceTree = "<group>"; };
		95C1AA63215D40C800654225 /* GoogleAppMeasurement.framework */ = {isa = PBXFileReference; lastKnownFileType = wrapper.framework; name = GoogleAppMeasurement.framework; path = Carthage/Build/iOS/GoogleAppMeasurement.framework; sourceTree = "<group>"; };
		95C1AA64215D40C800654225 /* FirebaseMessaging.framework */ = {isa = PBXFileReference; lastKnownFileType = wrapper.framework; name = FirebaseMessaging.framework; path = Carthage/Build/iOS/FirebaseMessaging.framework; sourceTree = "<group>"; };
		95C1AA65215D40C800654225 /* leveldb-library.framework */ = {isa = PBXFileReference; lastKnownFileType = wrapper.framework; name = "leveldb-library.framework"; path = "Carthage/Build/iOS/leveldb-library.framework"; sourceTree = "<group>"; };
		95C1AA66215D40C800654225 /* Protobuf.framework */ = {isa = PBXFileReference; lastKnownFileType = wrapper.framework; name = Protobuf.framework; path = Carthage/Build/iOS/Protobuf.framework; sourceTree = "<group>"; };
		95C1AA67215D40C800654225 /* FirebaseAuth.framework */ = {isa = PBXFileReference; lastKnownFileType = wrapper.framework; name = FirebaseAuth.framework; path = Carthage/Build/iOS/FirebaseAuth.framework; sourceTree = "<group>"; };
		95C1AA68215D40C800654225 /* GoogleUtilities.framework */ = {isa = PBXFileReference; lastKnownFileType = wrapper.framework; name = GoogleUtilities.framework; path = Carthage/Build/iOS/GoogleUtilities.framework; sourceTree = "<group>"; };
		95C1AA69215D40C800654225 /* nanopb.framework */ = {isa = PBXFileReference; lastKnownFileType = wrapper.framework; name = nanopb.framework; path = Carthage/Build/iOS/nanopb.framework; sourceTree = "<group>"; };
		95C1AA6A215D40C800654225 /* FirebaseDatabase.framework */ = {isa = PBXFileReference; lastKnownFileType = wrapper.framework; name = FirebaseDatabase.framework; path = Carthage/Build/iOS/FirebaseDatabase.framework; sourceTree = "<group>"; };
		95C1AA6B215D40C800654225 /* FirebaseInstanceID.framework */ = {isa = PBXFileReference; lastKnownFileType = wrapper.framework; name = FirebaseInstanceID.framework; path = Carthage/Build/iOS/FirebaseInstanceID.framework; sourceTree = "<group>"; };
		95C1AA6C215D40C800654225 /* FirebaseAnalytics.framework */ = {isa = PBXFileReference; lastKnownFileType = wrapper.framework; name = FirebaseAnalytics.framework; path = Carthage/Build/iOS/FirebaseAnalytics.framework; sourceTree = "<group>"; };
		95C1AA6D215D40C900654225 /* FirebaseCoreDiagnostics.framework */ = {isa = PBXFileReference; lastKnownFileType = wrapper.framework; name = FirebaseCoreDiagnostics.framework; path = Carthage/Build/iOS/FirebaseCoreDiagnostics.framework; sourceTree = "<group>"; };
		95C1AA6E215D40C900654225 /* FirebaseCore.framework */ = {isa = PBXFileReference; lastKnownFileType = wrapper.framework; name = FirebaseCore.framework; path = Carthage/Build/iOS/FirebaseCore.framework; sourceTree = "<group>"; };
		95C1AA6F215D40C900654225 /* GTMSessionFetcher.framework */ = {isa = PBXFileReference; lastKnownFileType = wrapper.framework; name = GTMSessionFetcher.framework; path = Carthage/Build/iOS/GTMSessionFetcher.framework; sourceTree = "<group>"; };
		95C1AA7D215D415400654225 /* Firebase.framework */ = {isa = PBXFileReference; lastKnownFileType = wrapper.framework; name = Firebase.framework; path = Carthage/Build/iOS/Firebase.framework; sourceTree = "<group>"; };
		95C1AA7F215D419900654225 /* GoogleService-Info.plist */ = {isa = PBXFileReference; fileEncoding = 4; lastKnownFileType = text.plist.xml; name = "GoogleService-Info.plist"; path = "../../../../../Downloads/GoogleService-Info.plist"; sourceTree = "<group>"; };
/* End PBXFileReference section */

/* Begin PBXFrameworksBuildPhase section */
		95C1A9C8215D242100654225 /* Frameworks */ = {
			isa = PBXFrameworksBuildPhase;
			buildActionMask = 2147483647;
			files = (
				95C1AA70215D40C900654225 /* GoogleAppMeasurement.framework in Frameworks */,
				95C1AA71215D40C900654225 /* FirebaseMessaging.framework in Frameworks */,
				95C1AA72215D40C900654225 /* leveldb-library.framework in Frameworks */,
				95C1AA73215D40C900654225 /* Protobuf.framework in Frameworks */,
				95C1AA7E215D415400654225 /* Firebase.framework in Frameworks */,
				95C1AA74215D40C900654225 /* FirebaseAuth.framework in Frameworks */,
				95C1AA75215D40C900654225 /* GoogleUtilities.framework in Frameworks */,
				95C1AA76215D40C900654225 /* nanopb.framework in Frameworks */,
				95C1AA77215D40C900654225 /* FirebaseDatabase.framework in Frameworks */,
				95C1AA78215D40C900654225 /* FirebaseInstanceID.framework in Frameworks */,
				95C1AA79215D40C900654225 /* FirebaseAnalytics.framework in Frameworks */,
				95C1AA7A215D40C900654225 /* FirebaseCoreDiagnostics.framework in Frameworks */,
				95C1AA7B215D40C900654225 /* FirebaseCore.framework in Frameworks */,
				95C1AA7C215D40C900654225 /* GTMSessionFetcher.framework in Frameworks */,
			);
			runOnlyForDeploymentPostprocessing = 0;
		};
/* End PBXFrameworksBuildPhase section */

/* Begin PBXGroup section */
		95C1A9C2215D242100654225 = {
			isa = PBXGroup;
			children = (
				95C1A9CD215D242100654225 /* TestFireBaseCarthage */,
				95C1A9CC215D242100654225 /* Products */,
				95C1AA62215D40C800654225 /* Frameworks */,
			);
			sourceTree = "<group>";
		};
		95C1A9CC215D242100654225 /* Products */ = {
			isa = PBXGroup;
			children = (
				95C1A9CB215D242100654225 /* TestFireBaseCarthage.app */,
			);
			name = Products;
			sourceTree = "<group>";
		};
		95C1A9CD215D242100654225 /* TestFireBaseCarthage */ = {
			isa = PBXGroup;
			children = (
				95C1A9CE215D242100654225 /* AppDelegate.swift */,
				95C1A9E0215D251D00654225 /* GoogleService-Info1.plist */,
				95C1AA7F215D419900654225 /* GoogleService-Info.plist */,
				95C1A9D0215D242100654225 /* ViewController.swift */,
				95C1A9D2215D242100654225 /* Main.storyboard */,
				95C1A9D5215D242400654225 /* Assets.xcassets */,
				95C1A9D7215D242400654225 /* LaunchScreen.storyboard */,
				95C1A9DA215D242400654225 /* Info.plist */,
			);
			path = TestFireBaseCarthage;
			sourceTree = "<group>";
		};
		95C1AA62215D40C800654225 /* Frameworks */ = {
			isa = PBXGroup;
			children = (
				95C1AA7D215D415400654225 /* Firebase.framework */,
				95C1AA6C215D40C800654225 /* FirebaseAnalytics.framework */,
				95C1AA67215D40C800654225 /* FirebaseAuth.framework */,
				95C1AA6E215D40C900654225 /* FirebaseCore.framework */,
				95C1AA6D215D40C900654225 /* FirebaseCoreDiagnostics.framework */,
				95C1AA6A215D40C800654225 /* FirebaseDatabase.framework */,
				95C1AA6B215D40C800654225 /* FirebaseInstanceID.framework */,
				95C1AA64215D40C800654225 /* FirebaseMessaging.framework */,
				95C1AA63215D40C800654225 /* GoogleAppMeasurement.framework */,
				95C1AA68215D40C800654225 /* GoogleUtilities.framework */,
				95C1AA6F215D40C900654225 /* GTMSessionFetcher.framework */,
				95C1AA65215D40C800654225 /* leveldb-library.framework */,
				95C1AA69215D40C800654225 /* nanopb.framework */,
				95C1AA66215D40C800654225 /* Protobuf.framework */,
			);
			name = Frameworks;
			sourceTree = "<group>";
		};
/* End PBXGroup section */

/* Begin PBXNativeTarget section */
		95C1A9CA215D242100654225 /* TestFireBaseCarthage */ = {
			isa = PBXNativeTarget;
			buildConfigurationList = 95C1A9DD215D242400654225 /* Build configuration list for PBXNativeTarget "TestFireBaseCarthage" */;
			buildPhases = (
				95C1A9C7215D242100654225 /* Sources */,
				95C1A9C8215D242100654225 /* Frameworks */,
				95C1A9C9215D242100654225 /* Resources */,
			);
			buildRules = (
			);
			dependencies = (
			);
			name = TestFireBaseCarthage;
			productName = TestFireBaseCarthage;
			productReference = 95C1A9CB215D242100654225 /* TestFireBaseCarthage.app */;
			productType = "com.apple.product-type.application";
		};
/* End PBXNativeTarget section */

/* Begin PBXProject section */
		95C1A9C3215D242100654225 /* Project object */ = {
			isa = PBXProject;
			attributes = {
				LastSwiftUpdateCheck = 0940;
				LastUpgradeCheck = 0940;
				ORGANIZATIONNAME = cuonghx;
				TargetAttributes = {
					95C1A9CA215D242100654225 = {
						CreatedOnToolsVersion = 9.4.1;
					};
				};
			};
			buildConfigurationList = 95C1A9C6215D242100654225 /* Build configuration list for PBXProject "TestFireBaseCarthage" */;
			compatibilityVersion = "Xcode 9.3";
			developmentRegion = en;
			hasScannedForEncodings = 0;
			knownRegions = (
				en,
				Base,
			);
			mainGroup = 95C1A9C2215D242100654225;
			productRefGroup = 95C1A9CC215D242100654225 /* Products */;
			projectDirPath = "";
			projectRoot = "";
			targets = (
				95C1A9CA215D242100654225 /* TestFireBaseCarthage */,
			);
		};
/* End PBXProject section */

/* Begin PBXResourcesBuildPhase section */
		95C1A9C9215D242100654225 /* Resources */ = {
			isa = PBXResourcesBuildPhase;
			buildActionMask = 2147483647;
			files = (
				95C1A9D9215D242400654225 /* LaunchScreen.storyboard in Resources */,
				95C1AA80215D419900654225 /* GoogleService-Info.plist in Resources */,
				95C1AA0B215D333600654225 /* AppDelegate.swift in Resources */,
				95C1A9E1215D251E00654225 /* GoogleService-Info1.plist in Resources */,
				95C1A9D6215D242400654225 /* Assets.xcassets in Resources */,
				95C1A9D4215D242100654225 /* Main.storyboard in Resources */,
			);
			runOnlyForDeploymentPostprocessing = 0;
		};
/* End PBXResourcesBuildPhase section */

/* Begin PBXSourcesBuildPhase section */
		95C1A9C7215D242100654225 /* Sources */ = {
			isa = PBXSourcesBuildPhase;
			buildActionMask = 2147483647;
			files = (
				95C1A9D1215D242100654225 /* ViewController.swift in Sources */,
				95C1A9CF215D242100654225 /* AppDelegate.swift in Sources */,
			);
			runOnlyForDeploymentPostprocessing = 0;
		};
/* End PBXSourcesBuildPhase section */

/* Begin PBXVariantGroup section */
		95C1A9D2215D242100654225 /* Main.storyboard */ = {
			isa = PBXVariantGroup;
			children = (
				95C1A9D3215D242100654225 /* Base */,
			);
			name = Main.storyboard;
			sourceTree = "<group>";
		};
		95C1A9D7215D242400654225 /* LaunchScreen.storyboard */ = {
			isa = PBXVariantGroup;
			children = (
				95C1A9D8215D242400654225 /* Base */,
			);
			name = LaunchScreen.storyboard;
			sourceTree = "<group>";
		};
/* End PBXVariantGroup section */

/* Begin XCBuildConfiguration section */
		95C1A9DB215D242400654225 /* Debug */ = {
			isa = XCBuildConfiguration;
			buildSettings = {
				ALWAYS_SEARCH_USER_PATHS = NO;
				CLANG_ANALYZER_NONNULL = YES;
				CLANG_ANALYZER_NUMBER_OBJECT_CONVERSION = YES_AGGRESSIVE;
				CLANG_CXX_LANGUAGE_STANDARD = "gnu++14";
				CLANG_CXX_LIBRARY = "libc++";
				CLANG_ENABLE_MODULES = YES;
				CLANG_ENABLE_OBJC_ARC = YES;
				CLANG_ENABLE_OBJC_WEAK = YES;
				CLANG_WARN_BLOCK_CAPTURE_AUTORELEASING = YES;
				CLANG_WARN_BOOL_CONVERSION = YES;
				CLANG_WARN_COMMA = YES;
				CLANG_WARN_CONSTANT_CONVERSION = YES;
				CLANG_WARN_DEPRECATED_OBJC_IMPLEMENTATIONS = YES;
				CLANG_WARN_DIRECT_OBJC_ISA_USAGE = YES_ERROR;
				CLANG_WARN_DOCUMENTATION_COMMENTS = YES;
				CLANG_WARN_EMPTY_BODY = YES;
				CLANG_WARN_ENUM_CONVERSION = YES;
				CLANG_WARN_INFINITE_RECURSION = YES;
				CLANG_WARN_INT_CONVERSION = YES;
				CLANG_WARN_NON_LITERAL_NULL_CONVERSION = YES;
				CLANG_WARN_OBJC_IMPLICIT_RETAIN_SELF = YES;
				CLANG_WARN_OBJC_LITERAL_CONVERSION = YES;
				CLANG_WARN_OBJC_ROOT_CLASS = YES_ERROR;
				CLANG_WARN_RANGE_LOOP_ANALYSIS = YES;
				CLANG_WARN_STRICT_PROTOTYPES = YES;
				CLANG_WARN_SUSPICIOUS_MOVE = YES;
				CLANG_WARN_UNGUARDED_AVAILABILITY = YES_AGGRESSIVE;
				CLANG_WARN_UNREACHABLE_CODE = YES;
				CLANG_WARN__DUPLICATE_METHOD_MATCH = YES;
				CODE_SIGN_IDENTITY = "iPhone Developer";
				COPY_PHASE_STRIP = NO;
				DEBUG_INFORMATION_FORMAT = dwarf;
				ENABLE_STRICT_OBJC_MSGSEND = YES;
				ENABLE_TESTABILITY = YES;
				GCC_C_LANGUAGE_STANDARD = gnu11;
				GCC_DYNAMIC_NO_PIC = NO;
				GCC_NO_COMMON_BLOCKS = YES;
				GCC_OPTIMIZATION_LEVEL = 0;
				GCC_PREPROCESSOR_DEFINITIONS = (
					"DEBUG=1",
					"$(inherited)",
				);
				GCC_WARN_64_TO_32_BIT_CONVERSION = YES;
				GCC_WARN_ABOUT_RETURN_TYPE = YES_ERROR;
				GCC_WARN_UNDECLARED_SELECTOR = YES;
				GCC_WARN_UNINITIALIZED_AUTOS = YES_AGGRESSIVE;
				GCC_WARN_UNUSED_FUNCTION = YES;
				GCC_WARN_UNUSED_VARIABLE = YES;
				IPHONEOS_DEPLOYMENT_TARGET = 11.4;
				MTL_ENABLE_DEBUG_INFO = YES;
				ONLY_ACTIVE_ARCH = YES;
				SDKROOT = iphoneos;
				SWIFT_ACTIVE_COMPILATION_CONDITIONS = DEBUG;
				SWIFT_OPTIMIZATION_LEVEL = "-Onone";
			};
			name = Debug;
		};
		95C1A9DC215D242400654225 /* Release */ = {
			isa = XCBuildConfiguration;
			buildSettings = {
				ALWAYS_SEARCH_USER_PATHS = NO;
				CLANG_ANALYZER_NONNULL = YES;
				CLANG_ANALYZER_NUMBER_OBJECT_CONVERSION = YES_AGGRESSIVE;
				CLANG_CXX_LANGUAGE_STANDARD = "gnu++14";
				CLANG_CXX_LIBRARY = "libc++";
				CLANG_ENABLE_MODULES = YES;
				CLANG_ENABLE_OBJC_ARC = YES;
				CLANG_ENABLE_OBJC_WEAK = YES;
				CLANG_WARN_BLOCK_CAPTURE_AUTORELEASING = YES;
				CLANG_WARN_BOOL_CONVERSION = YES;
				CLANG_WARN_COMMA = YES;
				CLANG_WARN_CONSTANT_CONVERSION = YES;
				CLANG_WARN_DEPRECATED_OBJC_IMPLEMENTATIONS = YES;
				CLANG_WARN_DIRECT_OBJC_ISA_USAGE = YES_ERROR;
				CLANG_WARN_DOCUMENTATION_COMMENTS = YES;
				CLANG_WARN_EMPTY_BODY = YES;
				CLANG_WARN_ENUM_CONVERSION = YES;
				CLANG_WARN_INFINITE_RECURSION = YES;
				CLANG_WARN_INT_CONVERSION = YES;
				CLANG_WARN_NON_LITERAL_NULL_CONVERSION = YES;
				CLANG_WARN_OBJC_IMPLICIT_RETAIN_SELF = YES;
				CLANG_WARN_OBJC_LITERAL_CONVERSION = YES;
				CLANG_WARN_OBJC_ROOT_CLASS = YES_ERROR;
				CLANG_WARN_RANGE_LOOP_ANALYSIS = YES;
				CLANG_WARN_STRICT_PROTOTYPES = YES;
				CLANG_WARN_SUSPICIOUS_MOVE = YES;
				CLANG_WARN_UNGUARDED_AVAILABILITY = YES_AGGRESSIVE;
				CLANG_WARN_UNREACHABLE_CODE = YES;
				CLANG_WARN__DUPLICATE_METHOD_MATCH = YES;
				CODE_SIGN_IDENTITY = "iPhone Developer";
				COPY_PHASE_STRIP = NO;
				DEBUG_INFORMATION_FORMAT = "dwarf-with-dsym";
				ENABLE_NS_ASSERTIONS = NO;
				ENABLE_STRICT_OBJC_MSGSEND = YES;
				GCC_C_LANGUAGE_STANDARD = gnu11;
				GCC_NO_COMMON_BLOCKS = YES;
				GCC_WARN_64_TO_32_BIT_CONVERSION = YES;
				GCC_WARN_ABOUT_RETURN_TYPE = YES_ERROR;
				GCC_WARN_UNDECLARED_SELECTOR = YES;
				GCC_WARN_UNINITIALIZED_AUTOS = YES_AGGRESSIVE;
				GCC_WARN_UNUSED_FUNCTION = YES;
				GCC_WARN_UNUSED_VARIABLE = YES;
				IPHONEOS_DEPLOYMENT_TARGET = 11.4;
				MTL_ENABLE_DEBUG_INFO = NO;
				SDKROOT = iphoneos;
				SWIFT_COMPILATION_MODE = wholemodule;
				SWIFT_OPTIMIZATION_LEVEL = "-O";
				VALIDATE_PRODUCT = YES;
			};
			name = Release;
		};
		95C1A9DE215D242400654225 /* Debug */ = {
			isa = XCBuildConfiguration;
			buildSettings = {
				ALWAYS_EMBED_SWIFT_STANDARD_LIBRARIES = YES;
				ASSETCATALOG_COMPILER_APPICON_NAME = AppIcon;
				CODE_SIGN_STYLE = Automatic;
				FRAMEWORK_SEARCH_PATHS = (
					"$(inherited)",
					"$(PROJECT_DIR)/Carthage/Build/iOS",
				);
				INFOPLIST_FILE = TestFireBaseCarthage/Info.plist;
				LD_RUNPATH_SEARCH_PATHS = (
					"$(inherited)",
					"@executable_path/Frameworks",
				);
				NEW_SETTING = "";
				OTHER_LDFLAGS = "-Objc";
				PRODUCT_BUNDLE_IDENTIFIER = cuonghx2709.TestFireBaseCarthage;
				PRODUCT_NAME = "$(TARGET_NAME)";
				SWIFT_VERSION = 4.0;
				TARGETED_DEVICE_FAMILY = "1,2";
			};
			name = Debug;
		};
		95C1A9DF215D242400654225 /* Release */ = {
			isa = XCBuildConfiguration;
			buildSettings = {
				ALWAYS_EMBED_SWIFT_STANDARD_LIBRARIES = YES;
				ASSETCATALOG_COMPILER_APPICON_NAME = AppIcon;
				CODE_SIGN_STYLE = Automatic;
				FRAMEWORK_SEARCH_PATHS = (
					"$(inherited)",
					"$(PROJECT_DIR)/Carthage/Build/iOS",
				);
				INFOPLIST_FILE = TestFireBaseCarthage/Info.plist;
				LD_RUNPATH_SEARCH_PATHS = (
					"$(inherited)",
					"@executable_path/Frameworks",
				);
				NEW_SETTING = "";
				OTHER_LDFLAGS = "-Objc";
				PRODUCT_BUNDLE_IDENTIFIER = cuonghx2709.TestFireBaseCarthage;
				PRODUCT_NAME = "$(TARGET_NAME)";
				SWIFT_VERSION = 4.0;
				TARGETED_DEVICE_FAMILY = "1,2";
			};
			name = Release;
		};
/* End XCBuildConfiguration section */

/* Begin XCConfigurationList section */
		95C1A9C6215D242100654225 /* Build configuration list for PBXProject "TestFireBaseCarthage" */ = {
			isa = XCConfigurationList;
			buildConfigurations = (
				95C1A9DB215D242400654225 /* Debug */,
				95C1A9DC215D242400654225 /* Release */,
			);
			defaultConfigurationIsVisible = 0;
			defaultConfigurationName = Release;
		};
		95C1A9DD215D242400654225 /* Build configuration list for PBXNativeTarget "TestFireBaseCarthage" */ = {
			isa = XCConfigurationList;
			buildConfigurations = (
				95C1A9DE215D242400654225 /* Debug */,
				95C1A9DF215D242400654225 /* Release */,
			);
			defaultConfigurationIsVisible = 0;
			defaultConfigurationName = Release;
		};
/* End XCConfigurationList section */
	};
	rootObject = 95C1A9C3215D242100654225 /* Project object */;
}
